// !$*UTF8*$!
{
	archiveVersion = 1;
	classes = {
	};
	objectVersion = 46;
	objects = {

/* Begin PBXBuildFile section */
		41B418251E2AB7D600F65488 /* AppDelegate.swift in Sources */ = {isa = PBXBuildFile; fileRef = 41B418241E2AB7D600F65488 /* AppDelegate.swift */; };
		41B418271E2AB7D600F65488 /* ViewController.swift in Sources */ = {isa = PBXBuildFile; fileRef = 41B418261E2AB7D600F65488 /* ViewController.swift */; };
		41B4182A1E2AB7D600F65488 /* Main.storyboard in Resources */ = {isa = PBXBuildFile; fileRef = 41B418281E2AB7D600F65488 /* Main.storyboard */; };
		41B4182C1E2AB7D600F65488 /* Assets.xcassets in Resources */ = {isa = PBXBuildFile; fileRef = 41B4182B1E2AB7D600F65488 /* Assets.xcassets */; };
		41B4182F1E2AB7D600F65488 /* LaunchScreen.storyboard in Resources */ = {isa = PBXBuildFile; fileRef = 41B4182D1E2AB7D600F65488 /* LaunchScreen.storyboard */; };
		41B4183C1E2B756C00F65488 /* Photo.swift in Sources */ = {isa = PBXBuildFile; fileRef = 41B4183B1E2B756C00F65488 /* Photo.swift */; };
		41B4183E1E2B763300F65488 /* Constants.swift in Sources */ = {isa = PBXBuildFile; fileRef = 41B4183D1E2B763300F65488 /* Constants.swift */; };
		41B418401E2B837100F65488 /* PhotoCell.swift in Sources */ = {isa = PBXBuildFile; fileRef = 41B4183F1E2B837100F65488 /* PhotoCell.swift */; };
		41B418421E2B8ED100F65488 /* ImageCache.swift in Sources */ = {isa = PBXBuildFile; fileRef = 41B418411E2B8ED100F65488 /* ImageCache.swift */; };
/* End PBXBuildFile section */

/* Begin PBXFileReference section */
		41B418211E2AB7D500F65488 /* Mars Rover.app */ = {isa = PBXFileReference; explicitFileType = wrapper.application; includeInIndex = 0; path = "Mars Rover.app"; sourceTree = BUILT_PRODUCTS_DIR; };
		41B418241E2AB7D600F65488 /* AppDelegate.swift */ = {isa = PBXFileReference; lastKnownFileType = sourcecode.swift; path = AppDelegate.swift; sourceTree = "<group>"; };
		41B418261E2AB7D600F65488 /* ViewController.swift */ = {isa = PBXFileReference; lastKnownFileType = sourcecode.swift; path = ViewController.swift; sourceTree = "<group>"; };
		41B418291E2AB7D600F65488 /* Base */ = {isa = PBXFileReference; lastKnownFileType = file.storyboard; name = Base; path = Base.lproj/Main.storyboard; sourceTree = "<group>"; };
		41B4182B1E2AB7D600F65488 /* Assets.xcassets */ = {isa = PBXFileReference; lastKnownFileType = folder.assetcatalog; path = Assets.xcassets; sourceTree = "<group>"; };
		41B4182E1E2AB7D600F65488 /* Base */ = {isa = PBXFileReference; lastKnownFileType = file.storyboard; name = Base; path = Base.lproj/LaunchScreen.storyboard; sourceTree = "<group>"; };
		41B418301E2AB7D600F65488 /* Info.plist */ = {isa = PBXFileReference; lastKnownFileType = text.plist.xml; path = Info.plist; sourceTree = "<group>"; };
		41B4183B1E2B756C00F65488 /* Photo.swift */ = {isa = PBXFileReference; fileEncoding = 4; lastKnownFileType = sourcecode.swift; path = Photo.swift; sourceTree = "<group>"; };
		41B4183D1E2B763300F65488 /* Constants.swift */ = {isa = PBXFileReference; fileEncoding = 4; lastKnownFileType = sourcecode.swift; path = Constants.swift; sourceTree = "<group>"; };
		41B4183F1E2B837100F65488 /* PhotoCell.swift */ = {isa = PBXFileReference; fileEncoding = 4; lastKnownFileType = sourcecode.swift; path = PhotoCell.swift; sourceTree = "<group>"; };
		41B418411E2B8ED100F65488 /* ImageCache.swift */ = {isa = PBXFileReference; fileEncoding = 4; lastKnownFileType = sourcecode.swift; path = ImageCache.swift; sourceTree = "<group>"; };
/* End PBXFileReference section */

/* Begin PBXFrameworksBuildPhase section */
		41B4181E1E2AB7D500F65488 /* Frameworks */ = {
			isa = PBXFrameworksBuildPhase;
			buildActionMask = 2147483647;
			files = (
			);
			runOnlyForDeploymentPostprocessing = 0;
		};
/* End PBXFrameworksBuildPhase section */

/* Begin PBXGroup section */
		41B418181E2AB7D500F65488 = {
			isa = PBXGroup;
			children = (
				41B418231E2AB7D600F65488 /* Mars Rover */,
				41B418221E2AB7D500F65488 /* Products */,
			);
			sourceTree = "<group>";
		};
		41B418221E2AB7D500F65488 /* Products */ = {
			isa = PBXGroup;
			children = (
				41B418211E2AB7D500F65488 /* Mars Rover.app */,
			);
			name = Products;
			sourceTree = "<group>";
		};
		41B418231E2AB7D600F65488 /* Mars Rover */ = {
			isa = PBXGroup;
			children = (
				41B4183A1E2B522300F65488 /* Model */,
				41B418391E2B521E00F65488 /* View */,
				41B418381E2B521700F65488 /* Controller */,
				41B418371E2B521000F65488 /* Resources */,
				41B418361E2B520600F65488 /* Supporting Files */,
			);
			path = "Mars Rover";
			sourceTree = "<group>";
		};
		41B418361E2B520600F65488 /* Supporting Files */ = {
			isa = PBXGroup;
			children = (
				41B418241E2AB7D600F65488 /* AppDelegate.swift */,
				41B4182D1E2AB7D600F65488 /* LaunchScreen.storyboard */,
				41B418301E2AB7D600F65488 /* Info.plist */,
			);
			name = "Supporting Files";
			sourceTree = "<group>";
		};
		41B418371E2B521000F65488 /* Resources */ = {
			isa = PBXGroup;
			children = (
				41B4182B1E2AB7D600F65488 /* Assets.xcassets */,
				41B4183D1E2B763300F65488 /* Constants.swift */,
			);
			name = Resources;
			sourceTree = "<group>";
		};
		41B418381E2B521700F65488 /* Controller */ = {
			isa = PBXGroup;
			children = (
				41B418261E2AB7D600F65488 /* ViewController.swift */,
			);
			name = Controller;
			sourceTree = "<group>";
		};
		41B418391E2B521E00F65488 /* View */ = {
			isa = PBXGroup;
			children = (
				41B418281E2AB7D600F65488 /* Main.storyboard */,
				41B4183F1E2B837100F65488 /* PhotoCell.swift */,
			);
			name = View;
			sourceTree = "<group>";
		};
		41B4183A1E2B522300F65488 /* Model */ = {
			isa = PBXGroup;
			children = (
				41B4183B1E2B756C00F65488 /* Photo.swift */,
				41B418411E2B8ED100F65488 /* ImageCache.swift */,
			);
			name = Model;
			sourceTree = "<group>";
		};
/* End PBXGroup section */

/* Begin PBXNativeTarget section */
		41B418201E2AB7D500F65488 /* Mars Rover */ = {
			isa = PBXNativeTarget;
			buildConfigurationList = 41B418331E2AB7D600F65488 /* Build configuration list for PBXNativeTarget "Mars Rover" */;
			buildPhases = (
				41B4181D1E2AB7D500F65488 /* Sources */,
				41B4181E1E2AB7D500F65488 /* Frameworks */,
				41B4181F1E2AB7D500F65488 /* Resources */,
			);
			buildRules = (
			);
			dependencies = (
			);
			name = "Mars Rover";
			productName = "Mars Rover";
			productReference = 41B418211E2AB7D500F65488 /* Mars Rover.app */;
			productType = "com.apple.product-type.application";
		};
/* End PBXNativeTarget section */

/* Begin PBXProject section */
		41B418191E2AB7D500F65488 /* Project object */ = {
			isa = PBXProject;
			attributes = {
				LastSwiftUpdateCheck = 0820;
				LastUpgradeCheck = 0820;
				ORGANIZATIONNAME = "Muhammad Moaz";
				TargetAttributes = {
					41B418201E2AB7D500F65488 = {
						CreatedOnToolsVersion = 8.2;
						DevelopmentTeam = 69CH9UTLK7;
						ProvisioningStyle = Automatic;
					};
				};
			};
			buildConfigurationList = 41B4181C1E2AB7D500F65488 /* Build configuration list for PBXProject "Mars Rover" */;
			compatibilityVersion = "Xcode 3.2";
			developmentRegion = English;
			hasScannedForEncodings = 0;
			knownRegions = (
				en,
				Base,
			);
			mainGroup = 41B418181E2AB7D500F65488;
			productRefGroup = 41B418221E2AB7D500F65488 /* Products */;
			projectDirPath = "";
			projectRoot = "";
			targets = (
				41B418201E2AB7D500F65488 /* Mars Rover */,
			);
		};
/* End PBXProject section */

/* Begin PBXResourcesBuildPhase section */
		41B4181F1E2AB7D500F65488 /* Resources */ = {
			isa = PBXResourcesBuildPhase;
			buildActionMask = 2147483647;
			files = (
				41B4182F1E2AB7D600F65488 /* LaunchScreen.storyboard in Resources */,
				41B4182C1E2AB7D600F65488 /* Assets.xcassets in Resources */,
				41B4182A1E2AB7D600F65488 /* Main.storyboard in Resources */,
			);
			runOnlyForDeploymentPostprocessing = 0;
		};
/* End PBXResourcesBuildPhase section */

/* Begin PBXSourcesBuildPhase section */
		41B4181D1E2AB7D500F65488 /* Sources */ = {
			isa = PBXSourcesBuildPhase;
			buildActionMask = 2147483647;
			files = (
				41B418421E2B8ED100F65488 /* ImageCache.swift in Sources */,
				41B4183C1E2B756C00F65488 /* Photo.swift in Sources */,
				41B418401E2B837100F65488 /* PhotoCell.swift in Sources */,
				41B418271E2AB7D600F65488 /* ViewController.swift in Sources */,
				41B418251E2AB7D600F65488 /* AppDelegate.swift in Sources */,
				41B4183E1E2B763300F65488 /* Constants.swift in Sources */,
			);
			runOnlyForDeploymentPostprocessing = 0;
		};
/* End PBXSourcesBuildPhase section */

/* Begin PBXVariantGroup section */
		41B418281E2AB7D600F65488 /* Main.storyboard */ = {
			isa = PBXVariantGroup;
			children = (
				41B418291E2AB7D600F65488 /* Base */,
			);
			name = Main.storyboard;
			sourceTree = "<group>";
		};
		41B4182D1E2AB7D600F65488 /* LaunchScreen.storyboard */ = {
			isa = PBXVariantGroup;
			children = (
				41B4182E1E2AB7D600F65488 /* Base */,
			);
			name = LaunchScreen.storyboard;
			sourceTree = "<group>";
		};
/* End PBXVariantGroup section */

/* Begin XCBuildConfiguration section */
		41B418311E2AB7D600F65488 /* Debug */ = {
			isa = XCBuildConfiguration;
			buildSettings = {
				ALWAYS_SEARCH_USER_PATHS = NO;
				CLANG_ANALYZER_NONNULL = YES;
				CLANG_CXX_LANGUAGE_STANDARD = "gnu++0x";
				CLANG_CXX_LIBRARY = "libc++";
				CLANG_ENABLE_MODULES = YES;
				CLANG_ENABLE_OBJC_ARC = YES;
				CLANG_WARN_BOOL_CONVERSION = YES;
				CLANG_WARN_CONSTANT_CONVERSION = YES;
				CLANG_WARN_DIRECT_OBJC_ISA_USAGE = YES_ERROR;
				CLANG_WARN_DOCUMENTATION_COMMENTS = YES;
				CLANG_WARN_EMPTY_BODY = YES;
				CLANG_WARN_ENUM_CONVERSION = YES;
				CLANG_WARN_INFINITE_RECURSION = YES;
				CLANG_WARN_INT_CONVERSION = YES;
				CLANG_WARN_OBJC_ROOT_CLASS = YES_ERROR;
				CLANG_WARN_SUSPICIOUS_MOVE = YES;
				CLANG_WARN_UNREACHABLE_CODE = YES;
				CLANG_WARN__DUPLICATE_METHOD_MATCH = YES;
				"CODE_SIGN_IDENTITY[sdk=iphoneos*]" = "iPhone Developer";
				COPY_PHASE_STRIP = NO;
				DEBUG_INFORMATION_FORMAT = dwarf;
				ENABLE_STRICT_OBJC_MSGSEND = YES;
				ENABLE_TESTABILITY = YES;
				GCC_C_LANGUAGE_STANDARD = gnu99;
				GCC_DYNAMIC_NO_PIC = NO;
				GCC_NO_COMMON_BLOCKS = YES;
				GCC_OPTIMIZATION_LEVEL = 0;
				GCC_PREPROCESSOR_DEFINITIONS = (
					"DEBUG=1",
					"$(inherited)",
				);
				GCC_WARN_64_TO_32_BIT_CONVERSION = YES;
				GCC_WARN_ABOUT_RETURN_TYPE = YES_ERROR;
				GCC_WARN_UNDECLARED_SELECTOR = YES;
				GCC_WARN_UNINITIALIZED_AUTOS = YES_AGGRESSIVE;
				GCC_WARN_UNUSED_FUNCTION = YES;
				GCC_WARN_UNUSED_VARIABLE = YES;
				IPHONEOS_DEPLOYMENT_TARGET = 10.2;
				MTL_ENABLE_DEBUG_INFO = YES;
				ONLY_ACTIVE_ARCH = YES;
				SDKROOT = iphoneos;
				SWIFT_ACTIVE_COMPILATION_CONDITIONS = DEBUG;
				SWIFT_OPTIMIZATION_LEVEL = "-Onone";
			};
			name = Debug;
		};
		41B418321E2AB7D600F65488 /* Release */ = {
			isa = XCBuildConfiguration;
			buildSettings = {
				ALWAYS_SEARCH_USER_PATHS = NO;
				CLANG_ANALYZER_NONNULL = YES;
				CLANG_CXX_LANGUAGE_STANDARD = "gnu++0x";
				CLANG_CXX_LIBRARY = "libc++";
				CLANG_ENABLE_MODULES = YES;
				CLANG_ENABLE_OBJC_ARC = YES;
				CLANG_WARN_BOOL_CONVERSION = YES;
				CLANG_WARN_CONSTANT_CONVERSION = YES;
				CLANG_WARN_DIRECT_OBJC_ISA_USAGE = YES_ERROR;
				CLANG_WARN_DOCUMENTATION_COMMENTS = YES;
				CLANG_WARN_EMPTY_BODY = YES;
				CLANG_WARN_ENUM_CONVERSION = YES;
				CLANG_WARN_INFINITE_RECURSION = YES;
				CLANG_WARN_INT_CONVERSION = YES;
				CLANG_WARN_OBJC_ROOT_CLASS = YES_ERROR;
				CLANG_WARN_SUSPICIOUS_MOVE = YES;
				CLANG_WARN_UNREACHABLE_CODE = YES;
				CLANG_WARN__DUPLICATE_METHOD_MATCH = YES;
				"CODE_SIGN_IDENTITY[sdk=iphoneos*]" = "iPhone Developer";
				COPY_PHASE_STRIP = NO;
				DEBUG_INFORMATION_FORMAT = "dwarf-with-dsym";
				ENABLE_NS_ASSERTIONS = NO;
				ENABLE_STRICT_OBJC_MSGSEND = YES;
				GCC_C_LANGUAGE_STANDARD = gnu99;
				GCC_NO_COMMON_BLOCKS = YES;
				GCC_WARN_64_TO_32_BIT_CONVERSION = YES;
				GCC_WARN_ABOUT_RETURN_TYPE = YES_ERROR;
				GCC_WARN_UNDECLARED_SELECTOR = YES;
				GCC_WARN_UNINITIALIZED_AUTOS = YES_AGGRESSIVE;
				GCC_WARN_UNUSED_FUNCTION = YES;
				GCC_WARN_UNUSED_VARIABLE = YES;
				IPHONEOS_DEPLOYMENT_TARGET = 10.2;
				MTL_ENABLE_DEBUG_INFO = NO;
				SDKROOT = iphoneos;
				SWIFT_OPTIMIZATION_LEVEL = "-Owholemodule";
				VALIDATE_PRODUCT = YES;
			};
			name = Release;
		};
		41B418341E2AB7D600F65488 /* Debug */ = {
			isa = XCBuildConfiguration;
			buildSettings = {
				ASSETCATALOG_COMPILER_APPICON_NAME = AppIcon;
				DEVELOPMENT_TEAM = 69CH9UTLK7;
				INFOPLIST_FILE = "Mars Rover/Info.plist";
				LD_RUNPATH_SEARCH_PATHS = "$(inherited) @executable_path/Frameworks";
				PRODUCT_BUNDLE_IDENTIFIER = "Moaz.Mars-Rover";
				PRODUCT_NAME = "$(TARGET_NAME)";
				SWIFT_VERSION = 3.0;
			};
			name = Debug;
		};
		41B418351E2AB7D600F65488 /* Release */ = {
			isa = XCBuildConfiguration;
			buildSettings = {
				ASSETCATALOG_COMPILER_APPICON_NAME = AppIcon;
				DEVELOPMENT_TEAM = 69CH9UTLK7;
				INFOPLIST_FILE = "Mars Rover/Info.plist";
				LD_RUNPATH_SEARCH_PATHS = "$(inherited) @executable_path/Frameworks";
				PRODUCT_BUNDLE_IDENTIFIER = "Moaz.Mars-Rover";
				PRODUCT_NAME = "$(TARGET_NAME)";
				SWIFT_VERSION = 3.0;
			};
			name = Release;
		};
/* End XCBuildConfiguration section */

/* Begin XCConfigurationList section */
		41B4181C1E2AB7D500F65488 /* Build configuration list for PBXProject "Mars Rover" */ = {
			isa = XCConfigurationList;
			buildConfigurations = (
				41B418311E2AB7D600F65488 /* Debug */,
				41B418321E2AB7D600F65488 /* Release */,
			);
			defaultConfigurationIsVisible = 0;
			defaultConfigurationName = Release;
		};
		41B418331E2AB7D600F65488 /* Build configuration list for PBXNativeTarget "Mars Rover" */ = {
			isa = XCConfigurationList;
			buildConfigurations = (
				41B418341E2AB7D600F65488 /* Debug */,
				41B418351E2AB7D600F65488 /* Release */,
			);
			defaultConfigurationIsVisible = 0;
		};
/* End XCConfigurationList section */
	};
	rootObject = 41B418191E2AB7D500F65488 /* Project object */;
}
